
Microsoft Visual Studio Solution File, Format Version 12.00
# Visual Studio Version 17
VisualStudioVersion = 17.11.35327.3
MinimumVisualStudioVersion = 10.0.40219.1
Project("{9A19103F-16F7-4668-BE54-9A1E7A4F7556}") = "SimpleFactoryPattern", "SimpleFactoryPattern.csproj", "{53FDA875-2ACA-4E51-B284-90C9652AAD0A}"
EndProject
Global
	GlobalSection(SolutionConfigurationPlatforms) = preSolution
		Debug|Any CPU = Debug|Any CPU
		Release|Any CPU = Release|Any CPU
	EndGlobalSection
	GlobalSection(ProjectConfigurationPlatforms) = postSolution
		{53FDA875-2ACA-4E51-B284-90C9652AAD0A}.Debug|Any CPU.ActiveCfg = Debug|Any CPU
		{53FDA875-2ACA-4E51-B284-90C9652AAD0A}.Debug|Any CPU.Build.0 = Debug|Any CPU
		{53FDA875-2ACA-4E51-B284-90C9652AAD0A}.Release|Any CPU.ActiveCfg = Release|Any CPU
		{53FDA875-2ACA-4E51-B284-90C9652AAD0A}.Release|Any CPU.Build.0 = Release|Any CPU
	EndGlobalSection
	GlobalSection(SolutionProperties) = preSolution
		HideSolutionNode = FALSE
	EndGlobalSection
	GlobalSection(ExtensibilityGlobals) = postSolution
		SolutionGuid = {D9A846BD-0F85-4F11-83BD-AC933B17B993}
	EndGlobalSection
EndGlobal
